
Microsoft Visual Studio Solution File, Format Version 12.00
# Visual Studio Version 17
VisualStudioVersion = 17.0.31903.59
MinimumVisualStudioVersion = 10.0.40219.1
Project("{2150E333-8FDC-42A3-9474-1A3956D46DE8}") = "src", "src", "{827E0CD3-B72D-47B6-A68D-7590B98EB39B}"
EndProject
Project("{FAE04EC0-301F-11D3-BF4B-00C04F79EFBC}") = "AuctionService", "src\AuctionService\AuctionService.csproj", "{E5185F0F-9E80-495A-98CE-66C2C150C084}"
EndProject
Project("{FAE04EC0-301F-11D3-BF4B-00C04F79EFBC}") = "SearchService", "src\SearchService\SearchService.csproj", "{9B84FAB3-9B1F-4B50-8EFD-C59DBCC768A3}"
EndProject
Project("{FAE04EC0-301F-11D3-BF4B-00C04F79EFBC}") = "Contracts", "src\Contracts\Contracts.csproj", "{0CEA64A9-1010-46C6-9992-5A5A0650862C}"
EndProject
Project("{2150E333-8FDC-42A3-9474-1A3956D46DE8}") = "identityservice", "identityservice", "{F8B90FFE-BB37-8A69-F901-2B9289615797}"
EndProject
Project("{FAE04EC0-301F-11D3-BF4B-00C04F79EFBC}") = "IdentityService", "src\identityservice\IdentityService.csproj", "{E7B0F225-AB40-42A1-80B2-8EF37D0263A6}"
EndProject
Global
	GlobalSection(SolutionConfigurationPlatforms) = preSolution
		Debug|Any CPU = Debug|Any CPU
		Debug|x64 = Debug|x64
		Debug|x86 = Debug|x86
		Release|Any CPU = Release|Any CPU
		Release|x64 = Release|x64
		Release|x86 = Release|x86
	EndGlobalSection
	GlobalSection(ProjectConfigurationPlatforms) = postSolution
		{E5185F0F-9E80-495A-98CE-66C2C150C084}.Debug|Any CPU.ActiveCfg = Debug|Any CPU
		{E5185F0F-9E80-495A-98CE-66C2C150C084}.Debug|Any CPU.Build.0 = Debug|Any CPU
		{E5185F0F-9E80-495A-98CE-66C2C150C084}.Debug|x64.ActiveCfg = Debug|Any CPU
		{E5185F0F-9E80-495A-98CE-66C2C150C084}.Debug|x64.Build.0 = Debug|Any CPU
		{E5185F0F-9E80-495A-98CE-66C2C150C084}.Debug|x86.ActiveCfg = Debug|Any CPU
		{E5185F0F-9E80-495A-98CE-66C2C150C084}.Debug|x86.Build.0 = Debug|Any CPU
		{E5185F0F-9E80-495A-98CE-66C2C150C084}.Release|Any CPU.ActiveCfg = Release|Any CPU
		{E5185F0F-9E80-495A-98CE-66C2C150C084}.Release|Any CPU.Build.0 = Release|Any CPU
		{E5185F0F-9E80-495A-98CE-66C2C150C084}.Release|x64.ActiveCfg = Release|Any CPU
		{E5185F0F-9E80-495A-98CE-66C2C150C084}.Release|x64.Build.0 = Release|Any CPU
		{E5185F0F-9E80-495A-98CE-66C2C150C084}.Release|x86.ActiveCfg = Release|Any CPU
		{E5185F0F-9E80-495A-98CE-66C2C150C084}.Release|x86.Build.0 = Release|Any CPU
		{9B84FAB3-9B1F-4B50-8EFD-C59DBCC768A3}.Debug|Any CPU.ActiveCfg = Debug|Any CPU
		{9B84FAB3-9B1F-4B50-8EFD-C59DBCC768A3}.Debug|Any CPU.Build.0 = Debug|Any CPU
		{9B84FAB3-9B1F-4B50-8EFD-C59DBCC768A3}.Debug|x64.ActiveCfg = Debug|Any CPU
		{9B84FAB3-9B1F-4B50-8EFD-C59DBCC768A3}.Debug|x64.Build.0 = Debug|Any CPU
		{9B84FAB3-9B1F-4B50-8EFD-C59DBCC768A3}.Debug|x86.ActiveCfg = Debug|Any CPU
		{9B84FAB3-9B1F-4B50-8EFD-C59DBCC768A3}.Debug|x86.Build.0 = Debug|Any CPU
		{9B84FAB3-9B1F-4B50-8EFD-C59DBCC768A3}.Release|Any CPU.ActiveCfg = Release|Any CPU
		{9B84FAB3-9B1F-4B50-8EFD-C59DBCC768A3}.Release|Any CPU.Build.0 = Release|Any CPU
		{9B84FAB3-9B1F-4B50-8EFD-C59DBCC768A3}.Release|x64.ActiveCfg = Release|Any CPU
		{9B84FAB3-9B1F-4B50-8EFD-C59DBCC768A3}.Release|x64.Build.0 = Release|Any CPU
		{9B84FAB3-9B1F-4B50-8EFD-C59DBCC768A3}.Release|x86.ActiveCfg = Release|Any CPU
		{9B84FAB3-9B1F-4B50-8EFD-C59DBCC768A3}.Release|x86.Build.0 = Release|Any CPU
		{0CEA64A9-1010-46C6-9992-5A5A0650862C}.Debug|Any CPU.ActiveCfg = Debug|Any CPU
		{0CEA64A9-1010-46C6-9992-5A5A0650862C}.Debug|Any CPU.Build.0 = Debug|Any CPU
		{0CEA64A9-1010-46C6-9992-5A5A0650862C}.Debug|x64.ActiveCfg = Debug|Any CPU
		{0CEA64A9-1010-46C6-9992-5A5A0650862C}.Debug|x64.Build.0 = Debug|Any CPU
		{0CEA64A9-1010-46C6-9992-5A5A0650862C}.Debug|x86.ActiveCfg = Debug|Any CPU
		{0CEA64A9-1010-46C6-9992-5A5A0650862C}.Debug|x86.Build.0 = Debug|Any CPU
		{0CEA64A9-1010-46C6-9992-5A5A0650862C}.Release|Any CPU.ActiveCfg = Release|Any CPU
		{0CEA64A9-1010-46C6-9992-5A5A0650862C}.Release|Any CPU.Build.0 = Release|Any CPU
		{0CEA64A9-1010-46C6-9992-5A5A0650862C}.Release|x64.ActiveCfg = Release|Any CPU
		{0CEA64A9-1010-46C6-9992-5A5A0650862C}.Release|x64.Build.0 = Release|Any CPU
		{0CEA64A9-1010-46C6-9992-5A5A0650862C}.Release|x86.ActiveCfg = Release|Any CPU
		{0CEA64A9-1010-46C6-9992-5A5A0650862C}.Release|x86.Build.0 = Release|Any CPU
		{E7B0F225-AB40-42A1-80B2-8EF37D0263A6}.Debug|Any CPU.ActiveCfg = Debug|Any CPU
		{E7B0F225-AB40-42A1-80B2-8EF37D0263A6}.Debug|Any CPU.Build.0 = Debug|Any CPU
		{E7B0F225-AB40-42A1-80B2-8EF37D0263A6}.Debug|x64.ActiveCfg = Debug|Any CPU
		{E7B0F225-AB40-42A1-80B2-8EF37D0263A6}.Debug|x64.Build.0 = Debug|Any CPU
		{E7B0F225-AB40-42A1-80B2-8EF37D0263A6}.Debug|x86.ActiveCfg = Debug|Any CPU
		{E7B0F225-AB40-42A1-80B2-8EF37D0263A6}.Debug|x86.Build.0 = Debug|Any CPU
		{E7B0F225-AB40-42A1-80B2-8EF37D0263A6}.Release|Any CPU.ActiveCfg = Release|Any CPU
		{E7B0F225-AB40-42A1-80B2-8EF37D0263A6}.Release|Any CPU.Build.0 = Release|Any CPU
		{E7B0F225-AB40-42A1-80B2-8EF37D0263A6}.Release|x64.ActiveCfg = Release|Any CPU
		{E7B0F225-AB40-42A1-80B2-8EF37D0263A6}.Release|x64.Build.0 = Release|Any CPU
		{E7B0F225-AB40-42A1-80B2-8EF37D0263A6}.Release|x86.ActiveCfg = Release|Any CPU
		{E7B0F225-AB40-42A1-80B2-8EF37D0263A6}.Release|x86.Build.0 = Release|Any CPU
	EndGlobalSection
	GlobalSection(SolutionProperties) = preSolution
		HideSolutionNode = FALSE
	EndGlobalSection
	GlobalSection(NestedProjects) = preSolution
		{E5185F0F-9E80-495A-98CE-66C2C150C084} = {827E0CD3-B72D-47B6-A68D-7590B98EB39B}
		{9B84FAB3-9B1F-4B50-8EFD-C59DBCC768A3} = {827E0CD3-B72D-47B6-A68D-7590B98EB39B}
		{0CEA64A9-1010-46C6-9992-5A5A0650862C} = {827E0CD3-B72D-47B6-A68D-7590B98EB39B}
		{F8B90FFE-BB37-8A69-F901-2B9289615797} = {827E0CD3-B72D-47B6-A68D-7590B98EB39B}
		{E7B0F225-AB40-42A1-80B2-8EF37D0263A6} = {F8B90FFE-BB37-8A69-F901-2B9289615797}
	EndGlobalSection
EndGlobal
